{"format_version":"1.0","provider_schemas":{"registry.terraform.io/elastic/ec":{"provider":{"version":0,"block":{"attributes":{"apikey":{"type":"string","description":"API Key to use for API authentication. The only valid authentication mechanism for the Elasticsearch Service.","description_kind":"plain","optional":true,"sensitive":true},"endpoint":{"type":"string","description":"Endpoint where the terraform provider will point to. Defaults to \"https://api.elastic-cloud.com\".","description_kind":"plain","optional":true},"insecure":{"type":"bool","description":"Allow the provider to skip TLS validation on its outgoing HTTP calls.","description_kind":"plain","optional":true},"password":{"type":"string","description":"Password to use for API authentication. Available only when targeting ECE Installations or Elasticsearch Service Private.","description_kind":"plain","optional":true,"sensitive":true},"timeout":{"type":"string","description":"Timeout used for individual HTTP calls. Defaults to \"1m\".","description_kind":"plain","optional":true},"username":{"type":"string","description":"Username to use for API authentication. Available only when targeting ECE Installations or Elasticsearch Service Private.","description_kind":"plain","optional":true},"verbose":{"type":"bool","description":"When set, a \"request.log\" file will be written with all outgoing HTTP requests. Defaults to \"false\".","description_kind":"plain","optional":true},"verbose_credentials":{"type":"bool","description":"When set with verbose, the contents of the Authorization header will not be redacted. Defaults to \"false\".","description_kind":"plain","optional":true},"verbose_file":{"type":"string","description":"Timeout used for individual HTTP calls. Defaults to \"1m\".","description_kind":"plain","optional":true}},"description_kind":"plain"}},"resource_schemas":{"ec_deployment":{"version":1,"block":{"attributes":{"alias":{"type":"string","description":"Optional deployment alias that affects the format of the resource URLs","description_kind":"plain","optional":true,"computed":true},"apm_secret_token":{"type":"string","description_kind":"plain","computed":true,"sensitive":true},"deployment_template_id":{"type":"string","description":"Required Deployment Template identifier to create the deployment from","description_kind":"plain","required":true},"elasticsearch_password":{"type":"string","description":"Computed password obtained upon creating the Elasticsearch resource","description_kind":"plain","computed":true,"sensitive":true},"elasticsearch_username":{"type":"string","description":"Computed username obtained upon creating the Elasticsearch resource","description_kind":"plain","computed":true},"id":{"type":"string","description_kind":"plain","optional":true,"computed":true},"name":{"type":"string","description":"Optional name for the deployment","description_kind":"plain","optional":true},"region":{"type":"string","description":"Required ESS region where to create the deployment, for ECE environments \"ece-region\" must be set","description_kind":"plain","required":true},"request_id":{"type":"string","description":"Optional request_id to set on the create operation, only use when previous create attempts return with an error and a request_id is returned as part of the error","description_kind":"plain","optional":true},"tags":{"type":["map","string"],"description":"Optional map of deployment tags","description_kind":"plain","optional":true},"traffic_filter":{"type":["set","string"],"description":"Optional list of traffic filters to apply to this deployment.","description_kind":"plain","optional":true},"version":{"type":"string","description":"Required Elastic Stack version to use for all of the deployment resources","description_kind":"plain","required":true}},"block_types":{"apm":{"nesting_mode":"list","block":{"attributes":{"elasticsearch_cluster_ref_id":{"type":"string","description_kind":"plain","optional":true},"http_endpoint":{"type":"string","description_kind":"plain","computed":true},"https_endpoint":{"type":"string","description_kind":"plain","computed":true},"ref_id":{"type":"string","description_kind":"plain","optional":true},"region":{"type":"string","description_kind":"plain","computed":true},"resource_id":{"type":"string","description_kind":"plain","computed":true}},"block_types":{"config":{"nesting_mode":"list","block":{"attributes":{"debug_enabled":{"type":"bool","description":"Optionally enable debug mode for APM servers - defaults to false","description_kind":"plain","optional":true},"docker_image":{"type":"string","description":"Optionally override the docker image the APM nodes will use. Note that this field will only work for internal users only.","description_kind":"plain","optional":true},"user_settings_json":{"type":"string","description":"An arbitrary JSON object allowing (non-admin) cluster owners to set their parameters (only one of this and 'user_settings_yaml' is allowed), provided they are on the whitelist ('user_settings_whitelist') and not on the blacklist ('user_settings_blacklist'). (This field together with 'user_settings_override*' and 'system_settings' defines the total set of resource settings)","description_kind":"plain","optional":true},"user_settings_override_json":{"type":"string","description":"An arbitrary JSON object allowing ECE admins owners to set clusters' parameters (only one of this and 'user_settings_override_yaml' is allowed), ie in addition to the documented 'system_settings'. (This field together with 'system_settings' and 'user_settings*' defines the total set of resource settings)","description_kind":"plain","optional":true},"user_settings_override_yaml":{"type":"string","description":"An arbitrary YAML object allowing (non-admin) cluster owners to set their parameters (only one of this and 'user_settings_json' is allowed), provided they are on the whitelist ('user_settings_whitelist') and not on the blacklist ('user_settings_blacklist'). (These field together with 'user_settings_override*' and 'system_settings' defines the total set of resource settings)","description_kind":"plain","optional":true},"user_settings_yaml":{"type":"string","description":"An arbitrary YAML object allowing ECE admins owners to set clusters' parameters (only one of this and 'user_settings_override_json' is allowed), ie in addition to the documented 'system_settings'. (This field together with 'system_settings' and 'user_settings*' defines the total set of resource settings)","description_kind":"plain","optional":true}},"description":"Optionally define the Apm configuration options for the APM Server","description_kind":"plain"},"max_items":1},"topology":{"nesting_mode":"list","block":{"attributes":{"instance_configuration_id":{"type":"string","description_kind":"plain","optional":true,"computed":true},"size":{"type":"string","description_kind":"plain","optional":true,"computed":true},"size_resource":{"type":"string","description":"Optional size type, defaults to \"memory\".","description_kind":"plain","optional":true},"zone_count":{"type":"number","description_kind":"plain","optional":true,"computed":true}},"description_kind":"plain"},"max_items":1}},"description":"Optional APM resource definition","description_kind":"plain"},"max_items":1},"elasticsearch":{"nesting_mode":"list","block":{"attributes":{"autoscale":{"type":"string","description":"Enable or disable autoscaling. Defaults to the setting coming from the deployment template. Accepted values are \"true\" or \"false\".","description_kind":"plain","optional":true,"computed":true},"cloud_id":{"type":"string","description":"The encoded Elasticsearch credentials to use in Beats or Logstash","description_kind":"plain","computed":true},"http_endpoint":{"type":"string","description":"The Elasticsearch resource HTTP endpoint","description_kind":"plain","computed":true},"https_endpoint":{"type":"string","description":"The Elasticsearch resource HTTPs endpoint","description_kind":"plain","computed":true},"ref_id":{"type":"string","description":"Optional ref_id to set on the Elasticsearch resource","description_kind":"plain","optional":true},"region":{"type":"string","description":"The Elasticsearch resource region","description_kind":"plain","computed":true},"resource_id":{"type":"string","description":"The Elasticsearch resource unique identifier","description_kind":"plain","computed":true}},"block_types":{"config":{"nesting_mode":"list","block":{"attributes":{"docker_image":{"type":"string","description":"Optionally override the docker image the Elasticsearch nodes will use. Note that this field will only work for internal users only.","description_kind":"plain","optional":true},"plugins":{"type":["set","string"],"description":"List of Elasticsearch supported plugins, which vary from version to version. Check the Stack Pack version to see which plugins are supported for each version. This is currently only available from the UI and [ecctl](https://www.elastic.co/guide/en/ecctl/master/ecctl_stack_list.html)","description_kind":"plain","optional":true},"user_settings_json":{"type":"string","description":"JSON-formatted user level \"elasticsearch.yml\" setting overrides","description_kind":"plain","optional":true},"user_settings_override_json":{"type":"string","description":"JSON-formatted admin (ECE) level \"elasticsearch.yml\" setting overrides","description_kind":"plain","optional":true},"user_settings_override_yaml":{"type":"string","description":"YAML-formatted admin (ECE) level \"elasticsearch.yml\" setting overrides","description_kind":"plain","optional":true},"user_settings_yaml":{"type":"string","description":"YAML-formatted user level \"elasticsearch.yml\" setting overrides","description_kind":"plain","optional":true}},"description":"Optional Elasticsearch settings which will be applied to all topologies unless overridden on the topology element","description_kind":"plain"},"max_items":1},"extension":{"nesting_mode":"set","block":{"attributes":{"name":{"type":"string","description":"Extension name.","description_kind":"plain","required":true},"type":{"type":"string","description":"Extension type, only `bundle` or `plugin` are supported.","description_kind":"plain","required":true},"url":{"type":"string","description":"Bundle or plugin URL, the extension URL can be obtained from the `ec_deployment_extension.\u003cname\u003e.url` attribute or the API and cannot be a random HTTP address that is hosted elsewhere.","description_kind":"plain","required":true},"version":{"type":"string","description":"Elasticsearch compatibility version. Bundles should specify major or minor versions with wildcards, such as `7.*` or `*` but **plugins must use full version notation down to the patch level**, such as `7.10.1` and wildcards are not allowed.","description_kind":"plain","required":true}},"description":"Optional Elasticsearch extensions such as custom bundles or plugins.","description_kind":"plain"}},"remote_cluster":{"nesting_mode":"set","block":{"attributes":{"alias":{"type":"string","description":"Alias for this Cross Cluster Search binding","description_kind":"plain","required":true},"deployment_id":{"type":"string","description":"Remote deployment ID","description_kind":"plain","required":true},"ref_id":{"type":"string","description":"Remote elasticsearch \"ref_id\", it is best left to the default value","description_kind":"plain","optional":true},"skip_unavailable":{"type":"bool","description":"If true, skip the cluster during search when disconnected","description_kind":"plain","optional":true}},"description":"Optional Elasticsearch remote clusters to configure for the Elasticsearch resource, can be set multiple times","description_kind":"plain"}},"snapshot_source":{"nesting_mode":"list","block":{"attributes":{"snapshot_name":{"type":"string","description":"Name of the snapshot to restore. Use '__latest_success__' to get the most recent successful snapshot.","description_kind":"plain","optional":true},"source_elasticsearch_cluster_id":{"type":"string","description":"ID of the Elasticsearch cluster that will be used as the source of the snapshot","description_kind":"plain","required":true}},"description":"Optional snapshot source settings. Restore data from a snapshot of another deployment.","description_kind":"plain"},"max_items":1},"strategy":{"nesting_mode":"list","block":{"attributes":{"type":{"type":"string","description":"Configuration strategy type autodetect, grow_and_shrink, rolling_grow_and_shrink, rolling_all","description_kind":"plain","required":true}},"description":"Configuration strategy settings.","description_kind":"plain"},"max_items":1},"topology":{"nesting_mode":"list","block":{"attributes":{"config":{"type":["list",["object",{"plugins":["set","string"],"user_settings_json":"string","user_settings_override_json":"string","user_settings_override_yaml":"string","user_settings_yaml":"string"}]],"description":"Computed read-only configuration to avoid unsetting plan settings from 'topology.elasticsearch'","description_kind":"plain","computed":true},"id":{"type":"string","description":"Required topology ID from the deployment template","description_kind":"plain","required":true},"instance_configuration_id":{"type":"string","description":"Computed Instance Configuration ID of the topology element","description_kind":"plain","computed":true},"node_roles":{"type":["set","string"],"description":"The computed list of node roles for the current topology element","description_kind":"plain","computed":true},"node_type_data":{"type":"string","description":"The node type for the Elasticsearch Topology element (data node)","description_kind":"plain","optional":true,"computed":true},"node_type_ingest":{"type":"string","description":"The node type for the Elasticsearch Topology element (ingest node)","description_kind":"plain","optional":true,"computed":true},"node_type_master":{"type":"string","description":"The node type for the Elasticsearch Topology element (master node)","description_kind":"plain","optional":true,"computed":true},"node_type_ml":{"type":"string","description":"The node type for the Elasticsearch Topology element (machine learning node)","description_kind":"plain","optional":true,"computed":true},"size":{"type":"string","description":"Optional amount of memory per node in the \"\u003csize in GB\u003eg\" notation","description_kind":"plain","optional":true,"computed":true},"size_resource":{"type":"string","description":"Optional size type, defaults to \"memory\".","description_kind":"plain","optional":true},"zone_count":{"type":"number","description":"Optional number of zones that the Elasticsearch cluster will span. This is used to set HA","description_kind":"plain","optional":true,"computed":true}},"block_types":{"autoscaling":{"nesting_mode":"list","block":{"attributes":{"max_size":{"type":"string","description":"Maximum size value for the maximum autoscaling setting.","description_kind":"plain","optional":true,"computed":true},"max_size_resource":{"type":"string","description":"Maximum resource type for the maximum autoscaling setting.","description_kind":"plain","optional":true,"computed":true},"min_size":{"type":"string","description":"Minimum size value for the minimum autoscaling setting.","description_kind":"plain","optional":true,"computed":true},"min_size_resource":{"type":"string","description":"Minimum resource type for the minimum autoscaling setting.","description_kind":"plain","optional":true,"computed":true},"policy_override_json":{"type":"string","description":"Computed policy overrides set directly via the API or other clients.","description_kind":"plain","computed":true}},"description":"Optional Elasticsearch autoscaling settings, such a maximum and minimum size and resources.","description_kind":"plain"},"max_items":1}},"description":"Optional topology element which must be set once but can be set multiple times to compose complex topologies","description_kind":"plain"}},"trust_account":{"nesting_mode":"set","block":{"attributes":{"account_id":{"type":"string","description":"The ID of the Account.","description_kind":"plain","required":true},"trust_all":{"type":"bool","description":"If true, all clusters in this account will by default be trusted and the `trust_allowlist` is ignored.","description_kind":"plain","required":true},"trust_allowlist":{"type":["set","string"],"description":"The list of clusters to trust. Only used when `trust_all` is false.","description_kind":"plain","optional":true}},"description":"Optional Elasticsearch account trust settings.","description_kind":"plain"}},"trust_external":{"nesting_mode":"set","block":{"attributes":{"relationship_id":{"type":"string","description":"The ID of the external trust relationship.","description_kind":"plain","required":true},"trust_all":{"type":"bool","description":"If true, all clusters in this account will by default be trusted and the `trust_allowlist` is ignored.","description_kind":"plain","required":true},"trust_allowlist":{"type":["set","string"],"description":"The list of clusters to trust. Only used when `trust_all` is false.","description_kind":"plain","optional":true}},"description":"Optional Elasticsearch external trust settings.","description_kind":"plain"}}},"description":"Required Elasticsearch resource definition","description_kind":"plain"},"min_items":1,"max_items":1},"enterprise_search":{"nesting_mode":"list","block":{"attributes":{"elasticsearch_cluster_ref_id":{"type":"string","description_kind":"plain","optional":true},"http_endpoint":{"type":"string","description_kind":"plain","computed":true},"https_endpoint":{"type":"string","description_kind":"plain","computed":true},"ref_id":{"type":"string","description_kind":"plain","optional":true},"region":{"type":"string","description_kind":"plain","computed":true},"resource_id":{"type":"string","description_kind":"plain","computed":true}},"block_types":{"config":{"nesting_mode":"list","block":{"attributes":{"docker_image":{"type":"string","description":"Optionally override the docker image the Enterprise Search nodes will use. Note that this field will only work for internal users only.","description_kind":"plain","optional":true},"user_settings_json":{"type":"string","description":"An arbitrary JSON object allowing (non-admin) cluster owners to set their parameters (only one of this and 'user_settings_yaml' is allowed), provided they are on the whitelist ('user_settings_whitelist') and not on the blacklist ('user_settings_blacklist'). (This field together with 'user_settings_override*' and 'system_settings' defines the total set of resource settings)","description_kind":"plain","optional":true},"user_settings_override_json":{"type":"string","description":"An arbitrary JSON object allowing ECE admins owners to set clusters' parameters (only one of this and 'user_settings_override_yaml' is allowed), ie in addition to the documented 'system_settings'. (This field together with 'system_settings' and 'user_settings*' defines the total set of resource settings)","description_kind":"plain","optional":true},"user_settings_override_yaml":{"type":"string","description":"An arbitrary YAML object allowing (non-admin) cluster owners to set their parameters (only one of this and 'user_settings_json' is allowed), provided they are on the whitelist ('user_settings_whitelist') and not on the blacklist ('user_settings_blacklist'). (These field together with 'user_settings_override*' and 'system_settings' defines the total set of resource settings)","description_kind":"plain","optional":true},"user_settings_yaml":{"type":"string","description":"An arbitrary YAML object allowing ECE admins owners to set clusters' parameters (only one of this and 'user_settings_override_json' is allowed), ie in addition to the documented 'system_settings'. (This field together with 'system_settings' and 'user_settings*' defines the total set of resource settings)","description_kind":"plain","optional":true}},"description":"Optionally define the Enterprise Search configuration options for the Enterprise Search Server","description_kind":"plain"},"max_items":1},"topology":{"nesting_mode":"list","block":{"attributes":{"instance_configuration_id":{"type":"string","description_kind":"plain","optional":true,"computed":true},"node_type_appserver":{"type":"bool","description_kind":"plain","computed":true},"node_type_connector":{"type":"bool","description_kind":"plain","computed":true},"node_type_worker":{"type":"bool","description_kind":"plain","computed":true},"size":{"type":"string","description_kind":"plain","optional":true,"computed":true},"size_resource":{"type":"string","description":"Optional size type, defaults to \"memory\".","description_kind":"plain","optional":true},"zone_count":{"type":"number","description_kind":"plain","optional":true,"computed":true}},"description_kind":"plain"},"max_items":1}},"description":"Optional Enterprise Search resource definition","description_kind":"plain"},"max_items":1},"integrations_server":{"nesting_mode":"list","block":{"attributes":{"apm_https_endpoint":{"type":"string","description_kind":"plain","computed":true},"elasticsearch_cluster_ref_id":{"type":"string","description_kind":"plain","optional":true},"fleet_https_endpoint":{"type":"string","description_kind":"plain","computed":true},"http_endpoint":{"type":"string","description_kind":"plain","computed":true},"https_endpoint":{"type":"string","description_kind":"plain","computed":true},"ref_id":{"type":"string","description_kind":"plain","optional":true},"region":{"type":"string","description_kind":"plain","computed":true},"resource_id":{"type":"string","description_kind":"plain","computed":true}},"block_types":{"config":{"nesting_mode":"list","block":{"attributes":{"debug_enabled":{"type":"bool","description":"Optionally enable debug mode for IntegrationsServer servers - defaults to false","description_kind":"plain","optional":true},"docker_image":{"type":"string","description":"Optionally override the docker image the IntegrationsServer nodes will use. Note that this field will only work for internal users only.","description_kind":"plain","optional":true},"user_settings_json":{"type":"string","description":"An arbitrary JSON object allowing (non-admin) cluster owners to set their parameters (only one of this and 'user_settings_yaml' is allowed), provided they are on the whitelist ('user_settings_whitelist') and not on the blacklist ('user_settings_blacklist'). (This field together with 'user_settings_override*' and 'system_settings' defines the total set of resource settings)","description_kind":"plain","optional":true},"user_settings_override_json":{"type":"string","description":"An arbitrary JSON object allowing ECE admins owners to set clusters' parameters (only one of this and 'user_settings_override_yaml' is allowed), ie in addition to the documented 'system_settings'. (This field together with 'system_settings' and 'user_settings*' defines the total set of resource settings)","description_kind":"plain","optional":true},"user_settings_override_yaml":{"type":"string","description":"An arbitrary YAML object allowing (non-admin) cluster owners to set their parameters (only one of this and 'user_settings_json' is allowed), provided they are on the whitelist ('user_settings_whitelist') and not on the blacklist ('user_settings_blacklist'). (These field together with 'user_settings_override*' and 'system_settings' defines the total set of resource settings)","description_kind":"plain","optional":true},"user_settings_yaml":{"type":"string","description":"An arbitrary YAML object allowing ECE admins owners to set clusters' parameters (only one of this and 'user_settings_override_json' is allowed), ie in addition to the documented 'system_settings'. (This field together with 'system_settings' and 'user_settings*' defines the total set of resource settings)","description_kind":"plain","optional":true}},"description":"Optionally define the IntegrationsServer configuration options for the IntegrationsServer Server","description_kind":"plain"},"max_items":1},"topology":{"nesting_mode":"list","block":{"attributes":{"instance_configuration_id":{"type":"string","description_kind":"plain","optional":true,"computed":true},"size":{"type":"string","description_kind":"plain","optional":true,"computed":true},"size_resource":{"type":"string","description":"Optional size type, defaults to \"memory\".","description_kind":"plain","optional":true},"zone_count":{"type":"number","description_kind":"plain","optional":true,"computed":true}},"description_kind":"plain"},"max_items":1}},"description":"Optional Integrations Server resource definition","description_kind":"plain"},"max_items":1},"kibana":{"nesting_mode":"list","block":{"attributes":{"elasticsearch_cluster_ref_id":{"type":"string","description_kind":"plain","optional":true},"http_endpoint":{"type":"string","description_kind":"plain","computed":true},"https_endpoint":{"type":"string","description_kind":"plain","computed":true},"ref_id":{"type":"string","description_kind":"plain","optional":true},"region":{"type":"string","description_kind":"plain","computed":true},"resource_id":{"type":"string","description_kind":"plain","computed":true}},"block_types":{"config":{"nesting_mode":"list","block":{"attributes":{"docker_image":{"type":"string","description":"Optionally override the docker image the Kibana nodes will use. Note that this field will only work for internal users only.","description_kind":"plain","optional":true},"user_settings_json":{"type":"string","description":"An arbitrary JSON object allowing (non-admin) cluster owners to set their parameters (only one of this and 'user_settings_yaml' is allowed), provided they are on the whitelist ('user_settings_whitelist') and not on the blacklist ('user_settings_blacklist'). (This field together with 'user_settings_override*' and 'system_settings' defines the total set of resource settings)","description_kind":"plain","optional":true},"user_settings_override_json":{"type":"string","description":"An arbitrary JSON object allowing ECE admins owners to set clusters' parameters (only one of this and 'user_settings_override_yaml' is allowed), ie in addition to the documented 'system_settings'. (This field together with 'system_settings' and 'user_settings*' defines the total set of resource settings)","description_kind":"plain","optional":true},"user_settings_override_yaml":{"type":"string","description":"An arbitrary YAML object allowing (non-admin) cluster owners to set their parameters (only one of this and 'user_settings_json' is allowed), provided they are on the whitelist ('user_settings_whitelist') and not on the blacklist ('user_settings_blacklist'). (These field together with 'user_settings_override*' and 'system_settings' defines the total set of resource settings)","description_kind":"plain","optional":true},"user_settings_yaml":{"type":"string","description":"An arbitrary YAML object allowing ECE admins owners to set clusters' parameters (only one of this and 'user_settings_override_json' is allowed), ie in addition to the documented 'system_settings'. (This field together with 'system_settings' and 'user_settings*' defines the total set of resource settings)","description_kind":"plain","optional":true}},"description":"Optionally define the Kibana configuration options for the Kibana Server","description_kind":"plain"},"max_items":1},"topology":{"nesting_mode":"list","block":{"attributes":{"instance_configuration_id":{"type":"string","description_kind":"plain","optional":true,"computed":true},"size":{"type":"string","description_kind":"plain","optional":true,"computed":true},"size_resource":{"type":"string","description":"Optional size type, defaults to \"memory\".","description_kind":"plain","optional":true},"zone_count":{"type":"number","description_kind":"plain","optional":true,"computed":true}},"description_kind":"plain"},"max_items":1}},"description":"Optional Kibana resource definition","description_kind":"plain"},"max_items":1},"observability":{"nesting_mode":"list","block":{"attributes":{"deployment_id":{"type":"string","description_kind":"plain","required":true},"logs":{"type":"bool","description_kind":"plain","optional":true},"metrics":{"type":"bool","description_kind":"plain","optional":true},"ref_id":{"type":"string","description_kind":"plain","optional":true,"computed":true}},"description":"Optional observability settings. Ship logs and metrics to a dedicated deployment.","description_kind":"plain"},"max_items":1},"timeouts":{"nesting_mode":"single","block":{"attributes":{"default":{"type":"string","description_kind":"plain","optional":true},"delete":{"type":"string","description_kind":"plain","optional":true},"update":{"type":"string","description_kind":"plain","optional":true}},"description_kind":"plain"}}},"description":"Elastic Cloud Deployment resource","description_kind":"plain"}},"ec_deployment_elasticsearch_keystore":{"version":0,"block":{"attributes":{"as_file":{"type":"bool","description":"Optionally stores the remote keystore setting as a file. The default is false, which stores the keystore setting as string when value is a plain string","description_kind":"plain","optional":true},"deployment_id":{"type":"string","description":"Required deployment ID of the Deployment that holds the Elasticsearch cluster where the keystore setting will be written to","description_kind":"plain","required":true},"id":{"type":"string","description_kind":"plain","optional":true,"computed":true},"setting_name":{"type":"string","description":"Required name for the keystore setting, if the setting already exists in the Elasticsearch cluster, it will be overridden","description_kind":"plain","required":true},"value":{"type":"string","description":"Required value of this setting. This can either be a string or a JSON object that is stored as a JSON string in the keystore.","description_kind":"plain","required":true,"sensitive":true}},"block_types":{"timeouts":{"nesting_mode":"single","block":{"attributes":{"default":{"type":"string","description_kind":"plain","optional":true}},"description_kind":"plain"}}},"description":"Elastic Cloud deployment Elasticsearch keystore","description_kind":"plain"}},"ec_deployment_extension":{"version":0,"block":{"attributes":{"description":{"type":"string","description":"Description for extension","description_kind":"plain","optional":true},"download_url":{"type":"string","description":"download url","description_kind":"plain","optional":true},"extension_type":{"type":"string","description":"Extension type. bundle or plugin","description_kind":"plain","required":true},"file_hash":{"type":"string","description":"file hash","description_kind":"plain","optional":true},"file_path":{"type":"string","description":"file path","description_kind":"plain","optional":true},"id":{"type":"string","description_kind":"plain","optional":true,"computed":true},"last_modified":{"type":"string","description_kind":"plain","computed":true},"name":{"type":"string","description":"Required name of the ruleset","description_kind":"plain","required":true},"size":{"type":"number","description_kind":"plain","computed":true},"url":{"type":"string","description_kind":"plain","computed":true},"version":{"type":"string","description":"Eleasticsearch version","description_kind":"plain","required":true}},"block_types":{"timeouts":{"nesting_mode":"single","block":{"attributes":{"default":{"type":"string","description_kind":"plain","optional":true}},"description_kind":"plain"}}},"description":"Elastic Cloud extension (plugin or bundle) to enhance the core functionality of Elasticsearch. Before you install an extension, be sure to check out the supported and official Elasticsearch plugins already available","description_kind":"plain"}},"ec_deployment_traffic_filter":{"version":0,"block":{"attributes":{"description":{"type":"string","description":"Optional ruleset description","description_kind":"plain","optional":true},"id":{"type":"string","description_kind":"plain","optional":true,"computed":true},"include_by_default":{"type":"bool","description":"Should the ruleset be automatically included in the new deployments (Defaults to false)","description_kind":"plain","optional":true},"name":{"type":"string","description":"Required name of the ruleset","description_kind":"plain","required":true},"region":{"type":"string","description":"Required filter region, the ruleset can only be attached to deployments in the specific region","description_kind":"plain","required":true},"type":{"type":"string","description":"Required type of the ruleset (\"ip\", \"vpce\", \"azure_private_endpoint\", or \"gcp_private_service_connect_endpoint\")","description_kind":"plain","required":true}},"block_types":{"rule":{"nesting_mode":"set","block":{"attributes":{"azure_endpoint_guid":{"type":"string","description":"Optional Azure endpoint GUID","description_kind":"plain","optional":true},"azure_endpoint_name":{"type":"string","description":"Optional Azure endpoint name","description_kind":"plain","optional":true},"description":{"type":"string","description":"Optional rule description","description_kind":"plain","optional":true},"id":{"type":"string","description":"Computed rule ID","description_kind":"plain","computed":true},"source":{"type":"string","description":"Required traffic filter source: IP address, CIDR mask, or VPC endpoint ID, not required when the type is azure_private_endpoint","description_kind":"plain","optional":true}},"description":"Required list of rules, which the ruleset is made of.","description_kind":"plain"},"min_items":1},"timeouts":{"nesting_mode":"single","block":{"attributes":{"default":{"type":"string","description_kind":"plain","optional":true}},"description_kind":"plain"}}},"description":"Elastic Cloud deployment traffic filtering rules","description_kind":"plain"}},"ec_deployment_traffic_filter_association":{"version":0,"block":{"attributes":{"deployment_id":{"type":"string","description":"Required deployment ID where the traffic filter will be associated","description_kind":"plain","required":true},"id":{"type":"string","description_kind":"plain","optional":true,"computed":true},"traffic_filter_id":{"type":"string","description":"Required traffic filter ruleset ID to tie to a deployment","description_kind":"plain","required":true}},"block_types":{"timeouts":{"nesting_mode":"single","block":{"attributes":{"default":{"type":"string","description_kind":"plain","optional":true}},"description_kind":"plain"}}},"description":"Elastic Cloud deployment traffic filtering association","description_kind":"plain"}}},"data_source_schemas":{"ec_aws_privatelink_endpoint":{"version":0,"block":{"attributes":{"domain_name":{"type":"string","description_kind":"plain","computed":true},"id":{"type":"string","description_kind":"plain","optional":true,"computed":true},"region":{"type":"string","description_kind":"plain","required":true},"vpc_service_name":{"type":"string","description_kind":"plain","computed":true},"zone_ids":{"type":["list","string"],"description_kind":"plain","computed":true}},"block_types":{"timeouts":{"nesting_mode":"single","block":{"attributes":{"default":{"type":"string","description_kind":"plain","optional":true}},"description_kind":"plain"}}},"description_kind":"plain"}},"ec_azure_privatelink_endpoint":{"version":0,"block":{"attributes":{"domain_name":{"type":"string","description_kind":"plain","computed":true},"id":{"type":"string","description_kind":"plain","optional":true,"computed":true},"region":{"type":"string","description_kind":"plain","required":true},"service_alias":{"type":"string","description_kind":"plain","computed":true}},"block_types":{"timeouts":{"nesting_mode":"single","block":{"attributes":{"default":{"type":"string","description_kind":"plain","optional":true}},"description_kind":"plain"}}},"description_kind":"plain"}},"ec_deployment":{"version":1,"block":{"attributes":{"alias":{"type":"string","description_kind":"plain","computed":true},"apm":{"type":["list",["object",{"elasticsearch_cluster_ref_id":"string","healthy":"bool","http_endpoint":"string","https_endpoint":"string","ref_id":"string","resource_id":"string","status":"string","topology":["list",["object",{"instance_configuration_id":"string","size":"string","size_resource":"string","zone_count":"number"}]],"version":"string"}]],"description_kind":"plain","computed":true},"deployment_template_id":{"type":"string","description_kind":"plain","computed":true},"elasticsearch":{"type":["list",["object",{"autoscale":"string","cloud_id":"string","healthy":"bool","http_endpoint":"string","https_endpoint":"string","ref_id":"string","resource_id":"string","status":"string","topology":["list",["object",{"autoscaling":["list",["object",{"max_size":"string","max_size_resource":"string","min_size":"string","min_size_resource":"string","policy_override_json":"string"}]],"instance_configuration_id":"string","node_roles":["set","string"],"node_type_data":"bool","node_type_ingest":"bool","node_type_master":"bool","node_type_ml":"bool","size":"string","size_resource":"string","zone_count":"number"}]],"version":"string"}]],"description_kind":"plain","computed":true},"enterprise_search":{"type":["list",["object",{"elasticsearch_cluster_ref_id":"string","healthy":"bool","http_endpoint":"string","https_endpoint":"string","ref_id":"string","resource_id":"string","status":"string","topology":["list",["object",{"instance_configuration_id":"string","node_type_appserver":"bool","node_type_connector":"bool","node_type_worker":"bool","size":"string","size_resource":"string","zone_count":"number"}]],"version":"string"}]],"description_kind":"plain","computed":true},"healthy":{"type":"bool","description_kind":"plain","computed":true},"id":{"type":"string","description_kind":"plain","required":true},"integrations_server":{"type":["list",["object",{"elasticsearch_cluster_ref_id":"string","healthy":"bool","http_endpoint":"string","https_endpoint":"string","ref_id":"string","resource_id":"string","status":"string","topology":["list",["object",{"instance_configuration_id":"string","size":"string","size_resource":"string","zone_count":"number"}]],"version":"string"}]],"description_kind":"plain","computed":true},"kibana":{"type":["list",["object",{"elasticsearch_cluster_ref_id":"string","healthy":"bool","http_endpoint":"string","https_endpoint":"string","ref_id":"string","resource_id":"string","status":"string","topology":["list",["object",{"instance_configuration_id":"string","size":"string","size_resource":"string","zone_count":"number"}]],"version":"string"}]],"description_kind":"plain","computed":true},"name":{"type":"string","description_kind":"plain","computed":true},"observability":{"type":["list",["object",{"deployment_id":"string","logs":"bool","metrics":"bool","ref_id":"string"}]],"description_kind":"plain","computed":true},"region":{"type":"string","description_kind":"plain","computed":true},"tags":{"type":["map","string"],"description_kind":"plain","computed":true},"traffic_filter":{"type":["list","string"],"description_kind":"plain","computed":true}},"block_types":{"timeouts":{"nesting_mode":"single","block":{"attributes":{"default":{"type":"string","description_kind":"plain","optional":true}},"description_kind":"plain"}}},"description_kind":"plain"}},"ec_deployments":{"version":0,"block":{"attributes":{"deployment_template_id":{"type":"string","description_kind":"plain","optional":true},"deployments":{"type":["list",["object",{"alias":"string","apm_ref_id":"string","apm_resource_id":"string","deployment_id":"string","elasticsearch_ref_id":"string","elasticsearch_resource_id":"string","enterprise_search_ref_id":"string","enterprise_search_resource_id":"string","integrations_server_ref_id":"string","integrations_server_resource_id":"string","kibana_ref_id":"string","kibana_resource_id":"string","name":"string"}]],"description_kind":"plain","computed":true},"healthy":{"type":"string","description_kind":"plain","optional":true},"id":{"type":"string","description_kind":"plain","optional":true,"computed":true},"name_prefix":{"type":"string","description_kind":"plain","optional":true},"return_count":{"type":"number","description_kind":"plain","computed":true},"size":{"type":"number","description_kind":"plain","optional":true},"tags":{"type":["map","string"],"description_kind":"plain","optional":true}},"block_types":{"apm":{"nesting_mode":"list","block":{"attributes":{"healthy":{"type":"string","description_kind":"plain","optional":true},"status":{"type":"string","description_kind":"plain","optional":true},"version":{"type":"string","description_kind":"plain","optional":true}},"description_kind":"plain"},"max_items":1},"elasticsearch":{"nesting_mode":"list","block":{"attributes":{"healthy":{"type":"string","description_kind":"plain","optional":true},"status":{"type":"string","description_kind":"plain","optional":true},"version":{"type":"string","description_kind":"plain","optional":true}},"description_kind":"plain"},"max_items":1},"enterprise_search":{"nesting_mode":"list","block":{"attributes":{"healthy":{"type":"string","description_kind":"plain","optional":true},"status":{"type":"string","description_kind":"plain","optional":true},"version":{"type":"string","description_kind":"plain","optional":true}},"description_kind":"plain"},"max_items":1},"integrations_server":{"nesting_mode":"list","block":{"attributes":{"healthy":{"type":"string","description_kind":"plain","optional":true},"status":{"type":"string","description_kind":"plain","optional":true},"version":{"type":"string","description_kind":"plain","optional":true}},"description_kind":"plain"},"max_items":1},"kibana":{"nesting_mode":"list","block":{"attributes":{"healthy":{"type":"string","description_kind":"plain","optional":true},"status":{"type":"string","description_kind":"plain","optional":true},"version":{"type":"string","description_kind":"plain","optional":true}},"description_kind":"plain"},"max_items":1},"timeouts":{"nesting_mode":"single","block":{"attributes":{"default":{"type":"string","description_kind":"plain","optional":true}},"description_kind":"plain"}}},"description_kind":"plain"}},"ec_gcp_private_service_connect_endpoint":{"version":0,"block":{"attributes":{"domain_name":{"type":"string","description_kind":"plain","computed":true},"id":{"type":"string","description_kind":"plain","optional":true,"computed":true},"region":{"type":"string","description_kind":"plain","required":true},"service_attachment_uri":{"type":"string","description_kind":"plain","computed":true}},"block_types":{"timeouts":{"nesting_mode":"single","block":{"attributes":{"default":{"type":"string","description_kind":"plain","optional":true}},"description_kind":"plain"}}},"description_kind":"plain"}},"ec_stack":{"version":0,"block":{"attributes":{"accessible":{"type":"bool","description_kind":"plain","computed":true},"allowlisted":{"type":"bool","description_kind":"plain","computed":true},"apm":{"type":["list",["object",{"capacity_constraints_max":"number","capacity_constraints_min":"number","compatible_node_types":["list","string"],"default_plugins":["list","string"],"denylist":["list","string"],"docker_image":"string","plugins":["list","string"]}]],"description_kind":"plain","computed":true},"elasticsearch":{"type":["list",["object",{"capacity_constraints_max":"number","capacity_constraints_min":"number","compatible_node_types":["list","string"],"default_plugins":["list","string"],"denylist":["list","string"],"docker_image":"string","plugins":["list","string"]}]],"description_kind":"plain","computed":true},"enterprise_search":{"type":["list",["object",{"capacity_constraints_max":"number","capacity_constraints_min":"number","compatible_node_types":["list","string"],"default_plugins":["list","string"],"denylist":["list","string"],"docker_image":"string","plugins":["list","string"]}]],"description_kind":"plain","computed":true},"id":{"type":"string","description_kind":"plain","optional":true,"computed":true},"kibana":{"type":["list",["object",{"capacity_constraints_max":"number","capacity_constraints_min":"number","compatible_node_types":["list","string"],"default_plugins":["list","string"],"denylist":["list","string"],"docker_image":"string","plugins":["list","string"]}]],"description_kind":"plain","computed":true},"lock":{"type":"bool","description_kind":"plain","optional":true},"min_upgradable_from":{"type":"string","description_kind":"plain","computed":true},"region":{"type":"string","description_kind":"plain","required":true},"upgradable_to":{"type":["list","string"],"description_kind":"plain","computed":true},"version":{"type":"string","description_kind":"plain","computed":true},"version_regex":{"type":"string","description_kind":"plain","required":true}},"block_types":{"timeouts":{"nesting_mode":"single","block":{"attributes":{"default":{"type":"string","description_kind":"plain","optional":true}},"description_kind":"plain"}}},"description_kind":"plain"}}}}}}
